
Microsoft Visual Studio Solution File, Format Version 12.00
# Visual Studio 15
VisualStudioVersion = 15.0.28307.1267
MinimumVisualStudioVersion = 10.0.40219.1
Project("{FAE04EC0-301F-11D3-BF4B-00C04F79EFBC}") = "nhapsongaunhien", "nhapsongaunhien\nhapsongaunhien.csproj", "{8C4EAB4E-4AD7-493E-959D-C6435F0C05C7}"
EndProject
Project("{FAE04EC0-301F-11D3-BF4B-00C04F79EFBC}") = "giaiphuongtrinhbac2", "giaiphuongtrinhbac2\giaiphuongtrinhbac2.csproj", "{5CE7F45E-53A9-40FC-8066-5DFA7B594CCD}"
EndProject
Project("{FAE04EC0-301F-11D3-BF4B-00C04F79EFBC}") = "thangtrongnam", "thangtrongnam\thangtrongnam.csproj", "{22392463-608B-4245-AD2B-907BE0E4DD72}"
EndProject
Project("{FAE04EC0-301F-11D3-BF4B-00C04F79EFBC}") = "muatrongnam", "muatrongnam\muatrongnam.csproj", "{BFAC06D1-DE5E-4FEF-877E-81F5B9A8A9CA}"
EndProject
Project("{FAE04EC0-301F-11D3-BF4B-00C04F79EFBC}") = "sudungvonglap", "sudungvonglap\sudungvonglap.csproj", "{753DF059-3761-4979-A095-03BB4426E7E2}"
EndProject
Project("{FAE04EC0-301F-11D3-BF4B-00C04F79EFBC}") = "baitoanvonglap", "tinhtongcacsotu1denN\baitoanvonglap.csproj", "{93D1C539-EA15-47B6-89EE-B1D3447E956C}"
EndProject
Project("{FAE04EC0-301F-11D3-BF4B-00C04F79EFBC}") = "vonglapwhile", "vonglapwhile\vonglapwhile.csproj", "{94E25963-FB41-4DAD-8C05-5DABB367EA38}"
EndProject
Project("{FAE04EC0-301F-11D3-BF4B-00C04F79EFBC}") = "sudungmang", "sudungmang\sudungmang.csproj", "{5DF769B6-429C-4DCE-ADB3-4C208CDDA441}"
EndProject
Project("{FAE04EC0-301F-11D3-BF4B-00C04F79EFBC}") = "sudungham", "sudungham\sudungham.csproj", "{38B34FD1-83FD-417A-B5A7-2936913B221D}"
EndProject
Project("{FAE04EC0-301F-11D3-BF4B-00C04F79EFBC}") = "WindowsFormsApp1", "WindowsFormsApp1\WindowsFormsApp1.csproj", "{E7AE437A-8EFC-48B6-82F4-BEDE1C6DE6F4}"
EndProject
Project("{FAE04EC0-301F-11D3-BF4B-00C04F79EFBC}") = "FormQuanLySinhVien", "FormQuanLySinhVien\FormQuanLySinhVien.csproj", "{24561ACF-9919-4337-AD57-688C15FAA164}"
EndProject
Global
	GlobalSection(SolutionConfigurationPlatforms) = preSolution
		Debug|Any CPU = Debug|Any CPU
		Release|Any CPU = Release|Any CPU
	EndGlobalSection
	GlobalSection(ProjectConfigurationPlatforms) = postSolution
		{8C4EAB4E-4AD7-493E-959D-C6435F0C05C7}.Debug|Any CPU.ActiveCfg = Debug|Any CPU
		{8C4EAB4E-4AD7-493E-959D-C6435F0C05C7}.Debug|Any CPU.Build.0 = Debug|Any CPU
		{8C4EAB4E-4AD7-493E-959D-C6435F0C05C7}.Release|Any CPU.ActiveCfg = Release|Any CPU
		{8C4EAB4E-4AD7-493E-959D-C6435F0C05C7}.Release|Any CPU.Build.0 = Release|Any CPU
		{5CE7F45E-53A9-40FC-8066-5DFA7B594CCD}.Debug|Any CPU.ActiveCfg = Debug|Any CPU
		{5CE7F45E-53A9-40FC-8066-5DFA7B594CCD}.Debug|Any CPU.Build.0 = Debug|Any CPU
		{5CE7F45E-53A9-40FC-8066-5DFA7B594CCD}.Release|Any CPU.ActiveCfg = Release|Any CPU
		{5CE7F45E-53A9-40FC-8066-5DFA7B594CCD}.Release|Any CPU.Build.0 = Release|Any CPU
		{22392463-608B-4245-AD2B-907BE0E4DD72}.Debug|Any CPU.ActiveCfg = Debug|Any CPU
		{22392463-608B-4245-AD2B-907BE0E4DD72}.Debug|Any CPU.Build.0 = Debug|Any CPU
		{22392463-608B-4245-AD2B-907BE0E4DD72}.Release|Any CPU.ActiveCfg = Release|Any CPU
		{22392463-608B-4245-AD2B-907BE0E4DD72}.Release|Any CPU.Build.0 = Release|Any CPU
		{BFAC06D1-DE5E-4FEF-877E-81F5B9A8A9CA}.Debug|Any CPU.ActiveCfg = Debug|Any CPU
		{BFAC06D1-DE5E-4FEF-877E-81F5B9A8A9CA}.Debug|Any CPU.Build.0 = Debug|Any CPU
		{BFAC06D1-DE5E-4FEF-877E-81F5B9A8A9CA}.Release|Any CPU.ActiveCfg = Release|Any CPU
		{BFAC06D1-DE5E-4FEF-877E-81F5B9A8A9CA}.Release|Any CPU.Build.0 = Release|Any CPU
		{753DF059-3761-4979-A095-03BB4426E7E2}.Debug|Any CPU.ActiveCfg = Debug|Any CPU
		{753DF059-3761-4979-A095-03BB4426E7E2}.Debug|Any CPU.Build.0 = Debug|Any CPU
		{753DF059-3761-4979-A095-03BB4426E7E2}.Release|Any CPU.ActiveCfg = Release|Any CPU
		{753DF059-3761-4979-A095-03BB4426E7E2}.Release|Any CPU.Build.0 = Release|Any CPU
		{93D1C539-EA15-47B6-89EE-B1D3447E956C}.Debug|Any CPU.ActiveCfg = Debug|Any CPU
		{93D1C539-EA15-47B6-89EE-B1D3447E956C}.Debug|Any CPU.Build.0 = Debug|Any CPU
		{93D1C539-EA15-47B6-89EE-B1D3447E956C}.Release|Any CPU.ActiveCfg = Release|Any CPU
		{93D1C539-EA15-47B6-89EE-B1D3447E956C}.Release|Any CPU.Build.0 = Release|Any CPU
		{94E25963-FB41-4DAD-8C05-5DABB367EA38}.Debug|Any CPU.ActiveCfg = Debug|Any CPU
		{94E25963-FB41-4DAD-8C05-5DABB367EA38}.Debug|Any CPU.Build.0 = Debug|Any CPU
		{94E25963-FB41-4DAD-8C05-5DABB367EA38}.Release|Any CPU.ActiveCfg = Release|Any CPU
		{94E25963-FB41-4DAD-8C05-5DABB367EA38}.Release|Any CPU.Build.0 = Release|Any CPU
		{5DF769B6-429C-4DCE-ADB3-4C208CDDA441}.Debug|Any CPU.ActiveCfg = Debug|Any CPU
		{5DF769B6-429C-4DCE-ADB3-4C208CDDA441}.Debug|Any CPU.Build.0 = Debug|Any CPU
		{5DF769B6-429C-4DCE-ADB3-4C208CDDA441}.Release|Any CPU.ActiveCfg = Release|Any CPU
		{5DF769B6-429C-4DCE-ADB3-4C208CDDA441}.Release|Any CPU.Build.0 = Release|Any CPU
		{38B34FD1-83FD-417A-B5A7-2936913B221D}.Debug|Any CPU.ActiveCfg = Debug|Any CPU
		{38B34FD1-83FD-417A-B5A7-2936913B221D}.Debug|Any CPU.Build.0 = Debug|Any CPU
		{38B34FD1-83FD-417A-B5A7-2936913B221D}.Release|Any CPU.ActiveCfg = Release|Any CPU
		{38B34FD1-83FD-417A-B5A7-2936913B221D}.Release|Any CPU.Build.0 = Release|Any CPU
		{E7AE437A-8EFC-48B6-82F4-BEDE1C6DE6F4}.Debug|Any CPU.ActiveCfg = Debug|Any CPU
		{E7AE437A-8EFC-48B6-82F4-BEDE1C6DE6F4}.Debug|Any CPU.Build.0 = Debug|Any CPU
		{E7AE437A-8EFC-48B6-82F4-BEDE1C6DE6F4}.Release|Any CPU.ActiveCfg = Release|Any CPU
		{E7AE437A-8EFC-48B6-82F4-BEDE1C6DE6F4}.Release|Any CPU.Build.0 = Release|Any CPU
		{24561ACF-9919-4337-AD57-688C15FAA164}.Debug|Any CPU.ActiveCfg = Debug|Any CPU
		{24561ACF-9919-4337-AD57-688C15FAA164}.Debug|Any CPU.Build.0 = Debug|Any CPU
		{24561ACF-9919-4337-AD57-688C15FAA164}.Release|Any CPU.ActiveCfg = Release|Any CPU
		{24561ACF-9919-4337-AD57-688C15FAA164}.Release|Any CPU.Build.0 = Release|Any CPU
	EndGlobalSection
	GlobalSection(SolutionProperties) = preSolution
		HideSolutionNode = FALSE
	EndGlobalSection
	GlobalSection(ExtensibilityGlobals) = postSolution
		SolutionGuid = {13D13E2D-D81C-4932-8AA1-C16FDCF6F96D}
	EndGlobalSection
EndGlobal
